{
  "version": 4,
  "terraform_version": "1.13.3",
  "serial": 4,
  "lineage": "6e73ccdd-090a-0309-d186-9484c528591c",
  "outputs": {
    "db_name": {
      "value": "tamagotchi",
      "type": "string"
    }
  },
  "resources": [
    {
      "mode": "data",
      "type": "aws_subnets",
      "name": "cohort_subnets",
      "provider": "provider[\"registry.terraform.io/hashicorp/aws\"]",
      "instances": [
        {
          "schema_version": 0,
          "attributes": {
            "filter": [
              {
                "name": "vpc-id",
                "values": [
                  "vpc-01b7a51a09d27de04"
                ]
              }
            ],
            "id": "eu-west-2",
            "ids": [
              "subnet-0c2e92c1b7b782543",
              "subnet-0061aa28825b20068",
              "subnet-00c68b4e0ee285460",
              "subnet-0c47ef6fc81ba084a",
              "subnet-0d83f1d2f52fcd432",
              "subnet-08e661869e460172a"
            ],
            "region": "eu-west-2",
            "tags": null,
            "timeouts": null
          },
          "sensitive_attributes": [],
          "identity_schema_version": 0
        }
      ]
    },
    {
      "mode": "data",
      "type": "aws_vpc",
      "name": "cohort_vpc",
      "provider": "provider[\"registry.terraform.io/hashicorp/aws\"]",
      "instances": [
        {
          "schema_version": 0,
          "attributes": {
            "arn": "arn:aws:ec2:eu-west-2:129033205317:vpc/vpc-01b7a51a09d27de04",
            "cidr_block": "10.0.0.0/16",
            "cidr_block_associations": [
              {
                "association_id": "vpc-cidr-assoc-061e1b39ae62cfedd",
                "cidr_block": "10.0.0.0/16",
                "state": "associated"
              }
            ],
            "default": false,
            "dhcp_options_id": "dopt-026a7201f48953bf2",
            "enable_dns_hostnames": true,
            "enable_dns_support": true,
            "enable_network_address_usage_metrics": false,
            "filter": null,
            "id": "vpc-01b7a51a09d27de04",
            "instance_tenancy": "default",
            "ipv6_association_id": "",
            "ipv6_cidr_block": "",
            "main_route_table_id": "rtb-0a7503c283965c8a7",
            "owner_id": "129033205317",
            "region": "eu-west-2",
            "state": null,
            "tags": {
              "Name": "c20-VPC"
            },
            "timeouts": null
          },
          "sensitive_attributes": [],
          "identity_schema_version": 0
        }
      ]
    },
    {
      "mode": "managed",
      "type": "aws_db_subnet_group",
      "name": "tamagotchi_subnet_group",
      "provider": "provider[\"registry.terraform.io/hashicorp/aws\"]",
      "instances": [
        {
          "schema_version": 0,
          "attributes": {
            "arn": "arn:aws:rds:eu-west-2:129033205317:subgrp:hackathon-db-subnet-group",
            "description": "Managed by Terraform",
            "id": "hackathon-db-subnet-group",
            "name": "hackathon-db-subnet-group",
            "name_prefix": "",
            "region": "eu-west-2",
            "subnet_ids": [
              "subnet-0061aa28825b20068",
              "subnet-00c68b4e0ee285460",
              "subnet-08e661869e460172a",
              "subnet-0c2e92c1b7b782543",
              "subnet-0c47ef6fc81ba084a",
              "subnet-0d83f1d2f52fcd432"
            ],
            "supported_network_types": [
              "IPV4"
            ],
            "tags": {
              "Name": "hackathon-db-subnet-group"
            },
            "tags_all": {
              "Name": "hackathon-db-subnet-group"
            },
            "vpc_id": "vpc-01b7a51a09d27de04"
          },
          "sensitive_attributes": [],
          "identity_schema_version": 0,
          "private": "bnVsbA==",
          "dependencies": [
            "data.aws_subnets.cohort_subnets",
            "data.aws_vpc.cohort_vpc"
          ]
        }
      ]
    },
    {
      "mode": "managed",
      "type": "aws_security_group",
      "name": "tamagotchi_db_sg",
      "provider": "provider[\"registry.terraform.io/hashicorp/aws\"]",
      "instances": [
        {
          "schema_version": 1,
          "attributes": {
            "arn": "arn:aws:ec2:eu-west-2:129033205317:security-group/sg-0297e9474de668a48",
            "description": "Allow PUBLIC PostgreSQL access (hackathon only)",
            "egress": [
              {
                "cidr_blocks": [
                  "0.0.0.0/0"
                ],
                "description": "",
                "from_port": 0,
                "ipv6_cidr_blocks": [],
                "prefix_list_ids": [],
                "protocol": "-1",
                "security_groups": [],
                "self": false,
                "to_port": 0
              }
            ],
            "id": "sg-0297e9474de668a48",
            "ingress": [
              {
                "cidr_blocks": [
                  "0.0.0.0/0"
                ],
                "description": "",
                "from_port": 5432,
                "ipv6_cidr_blocks": [],
                "prefix_list_ids": [],
                "protocol": "tcp",
                "security_groups": [],
                "self": false,
                "to_port": 5432
              }
            ],
            "name": "hackathon-db-public-sg",
            "name_prefix": "",
            "owner_id": "129033205317",
            "region": "eu-west-2",
            "revoke_rules_on_delete": false,
            "tags": {
              "Name": "hackathon-db-public-sg"
            },
            "tags_all": {
              "Name": "hackathon-db-public-sg"
            },
            "timeouts": null,
            "vpc_id": "vpc-01b7a51a09d27de04"
          },
          "sensitive_attributes": [],
          "identity_schema_version": 0,
          "identity": {
            "account_id": "129033205317",
            "id": "sg-0297e9474de668a48",
            "region": "eu-west-2"
          },
          "private": "eyJlMmJmYjczMC1lY2FhLTExZTYtOGY4OC0zNDM2M2JjN2M0YzAiOnsiY3JlYXRlIjo2MDAwMDAwMDAwMDAsImRlbGV0ZSI6OTAwMDAwMDAwMDAwfSwic2NoZW1hX3ZlcnNpb24iOiIxIn0=",
          "dependencies": [
            "data.aws_vpc.cohort_vpc"
          ]
        }
      ]
    }
  ],
  "check_results": null
}
